
Microsoft Visual Studio Solution File, Format Version 12.00
# Visual Studio Version 16
VisualStudioVersion = 16.0.29728.190
MinimumVisualStudioVersion = 10.0.40219.1
Project("{9A19103F-16F7-4668-BE54-9A1E7A4F7556}") = "SimpleClassExample", "SimpleClassExample\SimpleClassExample.csproj", "{E54EDEE8-2F4C-4C45-8F13-BD37E582E916}"
EndProject
Project("{9A19103F-16F7-4668-BE54-9A1E7A4F7556}") = "EmployeeApp", "EmployeeApp\EmployeeApp.csproj", "{3C4CDB70-FAD9-4DA0-8AE7-214C4A141D41}"
EndProject
Project("{9A19103F-16F7-4668-BE54-9A1E7A4F7556}") = "BasicInheritance", "BasicInheritance\BasicInheritance.csproj", "{38AC49C4-1A37-43CA-B45D-7734A6AC8070}"
EndProject
Project("{9A19103F-16F7-4668-BE54-9A1E7A4F7556}") = "ExceptionHandling", "ExceptionHandling\ExceptionHandling.csproj", "{DA884052-457E-45C5-A7AE-BAFDE9DA85EE}"
EndProject
Project("{9A19103F-16F7-4668-BE54-9A1E7A4F7556}") = "Interfaces", "Interfaces\Interfaces.csproj", "{9B8572EF-395A-44E0-AEF6-5EA5B445ADDA}"
EndProject
Project("{9A19103F-16F7-4668-BE54-9A1E7A4F7556}") = "Iterations", "Iterations\Iterations.csproj", "{A478157A-441C-49F6-AAF7-597986CA2BA1}"
EndProject
Project("{9A19103F-16F7-4668-BE54-9A1E7A4F7556}") = "Cloning", "Cloning\Cloning.csproj", "{FAFAC162-E270-4B32-B8B7-C4813CA1DCE3}"
EndProject
Project("{9A19103F-16F7-4668-BE54-9A1E7A4F7556}") = "Comparables", "Comparables\Comparables.csproj", "{1098FA85-6CE5-4A4B-814B-A9465A25BADB}"
EndProject
Project("{9A19103F-16F7-4668-BE54-9A1E7A4F7556}") = "CollectionExamples", "CollectionExamples\CollectionExamples.csproj", "{5785DE5E-33CE-4431-9559-B65289F736EC}"
EndProject
Project("{9A19103F-16F7-4668-BE54-9A1E7A4F7556}") = "Templates", "Templates\Templates.csproj", "{E5DE40AE-0E6D-436C-890E-59FD6528DD95}"
EndProject
Project("{FAE04EC0-301F-11D3-BF4B-00C04F79EFBC}") = "LambdaExpressions", "LambdaExpressions\LambdaExpressions.csproj", "{BAFCCAC7-2FBF-4EFB-A179-2608A1F7DE41}"
EndProject
Project("{FAE04EC0-301F-11D3-BF4B-00C04F79EFBC}") = "LINQueries", "LINQueries\LINQueries.csproj", "{913DE9A1-5186-43AC-9645-24EE7D353691}"
EndProject
Global
	GlobalSection(SolutionConfigurationPlatforms) = preSolution
		Debug|Any CPU = Debug|Any CPU
		Release|Any CPU = Release|Any CPU
	EndGlobalSection
	GlobalSection(ProjectConfigurationPlatforms) = postSolution
		{E54EDEE8-2F4C-4C45-8F13-BD37E582E916}.Debug|Any CPU.ActiveCfg = Debug|Any CPU
		{E54EDEE8-2F4C-4C45-8F13-BD37E582E916}.Debug|Any CPU.Build.0 = Debug|Any CPU
		{E54EDEE8-2F4C-4C45-8F13-BD37E582E916}.Release|Any CPU.ActiveCfg = Release|Any CPU
		{E54EDEE8-2F4C-4C45-8F13-BD37E582E916}.Release|Any CPU.Build.0 = Release|Any CPU
		{3C4CDB70-FAD9-4DA0-8AE7-214C4A141D41}.Debug|Any CPU.ActiveCfg = Debug|Any CPU
		{3C4CDB70-FAD9-4DA0-8AE7-214C4A141D41}.Debug|Any CPU.Build.0 = Debug|Any CPU
		{3C4CDB70-FAD9-4DA0-8AE7-214C4A141D41}.Release|Any CPU.ActiveCfg = Release|Any CPU
		{3C4CDB70-FAD9-4DA0-8AE7-214C4A141D41}.Release|Any CPU.Build.0 = Release|Any CPU
		{38AC49C4-1A37-43CA-B45D-7734A6AC8070}.Debug|Any CPU.ActiveCfg = Debug|Any CPU
		{38AC49C4-1A37-43CA-B45D-7734A6AC8070}.Debug|Any CPU.Build.0 = Debug|Any CPU
		{38AC49C4-1A37-43CA-B45D-7734A6AC8070}.Release|Any CPU.ActiveCfg = Release|Any CPU
		{38AC49C4-1A37-43CA-B45D-7734A6AC8070}.Release|Any CPU.Build.0 = Release|Any CPU
		{DA884052-457E-45C5-A7AE-BAFDE9DA85EE}.Debug|Any CPU.ActiveCfg = Debug|Any CPU
		{DA884052-457E-45C5-A7AE-BAFDE9DA85EE}.Debug|Any CPU.Build.0 = Debug|Any CPU
		{DA884052-457E-45C5-A7AE-BAFDE9DA85EE}.Release|Any CPU.ActiveCfg = Release|Any CPU
		{DA884052-457E-45C5-A7AE-BAFDE9DA85EE}.Release|Any CPU.Build.0 = Release|Any CPU
		{9B8572EF-395A-44E0-AEF6-5EA5B445ADDA}.Debug|Any CPU.ActiveCfg = Debug|Any CPU
		{9B8572EF-395A-44E0-AEF6-5EA5B445ADDA}.Debug|Any CPU.Build.0 = Debug|Any CPU
		{9B8572EF-395A-44E0-AEF6-5EA5B445ADDA}.Release|Any CPU.ActiveCfg = Release|Any CPU
		{9B8572EF-395A-44E0-AEF6-5EA5B445ADDA}.Release|Any CPU.Build.0 = Release|Any CPU
		{A478157A-441C-49F6-AAF7-597986CA2BA1}.Debug|Any CPU.ActiveCfg = Debug|Any CPU
		{A478157A-441C-49F6-AAF7-597986CA2BA1}.Debug|Any CPU.Build.0 = Debug|Any CPU
		{A478157A-441C-49F6-AAF7-597986CA2BA1}.Release|Any CPU.ActiveCfg = Release|Any CPU
		{A478157A-441C-49F6-AAF7-597986CA2BA1}.Release|Any CPU.Build.0 = Release|Any CPU
		{FAFAC162-E270-4B32-B8B7-C4813CA1DCE3}.Debug|Any CPU.ActiveCfg = Debug|Any CPU
		{FAFAC162-E270-4B32-B8B7-C4813CA1DCE3}.Debug|Any CPU.Build.0 = Debug|Any CPU
		{FAFAC162-E270-4B32-B8B7-C4813CA1DCE3}.Release|Any CPU.ActiveCfg = Release|Any CPU
		{FAFAC162-E270-4B32-B8B7-C4813CA1DCE3}.Release|Any CPU.Build.0 = Release|Any CPU
		{1098FA85-6CE5-4A4B-814B-A9465A25BADB}.Debug|Any CPU.ActiveCfg = Debug|Any CPU
		{1098FA85-6CE5-4A4B-814B-A9465A25BADB}.Debug|Any CPU.Build.0 = Debug|Any CPU
		{1098FA85-6CE5-4A4B-814B-A9465A25BADB}.Release|Any CPU.ActiveCfg = Release|Any CPU
		{1098FA85-6CE5-4A4B-814B-A9465A25BADB}.Release|Any CPU.Build.0 = Release|Any CPU
		{5785DE5E-33CE-4431-9559-B65289F736EC}.Debug|Any CPU.ActiveCfg = Debug|Any CPU
		{5785DE5E-33CE-4431-9559-B65289F736EC}.Debug|Any CPU.Build.0 = Debug|Any CPU
		{5785DE5E-33CE-4431-9559-B65289F736EC}.Release|Any CPU.ActiveCfg = Release|Any CPU
		{5785DE5E-33CE-4431-9559-B65289F736EC}.Release|Any CPU.Build.0 = Release|Any CPU
		{E5DE40AE-0E6D-436C-890E-59FD6528DD95}.Debug|Any CPU.ActiveCfg = Debug|Any CPU
		{E5DE40AE-0E6D-436C-890E-59FD6528DD95}.Debug|Any CPU.Build.0 = Debug|Any CPU
		{E5DE40AE-0E6D-436C-890E-59FD6528DD95}.Release|Any CPU.ActiveCfg = Release|Any CPU
		{E5DE40AE-0E6D-436C-890E-59FD6528DD95}.Release|Any CPU.Build.0 = Release|Any CPU
		{BAFCCAC7-2FBF-4EFB-A179-2608A1F7DE41}.Debug|Any CPU.ActiveCfg = Debug|Any CPU
		{BAFCCAC7-2FBF-4EFB-A179-2608A1F7DE41}.Debug|Any CPU.Build.0 = Debug|Any CPU
		{BAFCCAC7-2FBF-4EFB-A179-2608A1F7DE41}.Release|Any CPU.ActiveCfg = Release|Any CPU
		{BAFCCAC7-2FBF-4EFB-A179-2608A1F7DE41}.Release|Any CPU.Build.0 = Release|Any CPU
		{913DE9A1-5186-43AC-9645-24EE7D353691}.Debug|Any CPU.ActiveCfg = Debug|Any CPU
		{913DE9A1-5186-43AC-9645-24EE7D353691}.Debug|Any CPU.Build.0 = Debug|Any CPU
		{913DE9A1-5186-43AC-9645-24EE7D353691}.Release|Any CPU.ActiveCfg = Release|Any CPU
		{913DE9A1-5186-43AC-9645-24EE7D353691}.Release|Any CPU.Build.0 = Release|Any CPU
	EndGlobalSection
	GlobalSection(SolutionProperties) = preSolution
		HideSolutionNode = FALSE
	EndGlobalSection
	GlobalSection(ExtensibilityGlobals) = postSolution
		SolutionGuid = {D75C9EF0-9D39-428A-BD1F-28F4E717CA6D}
	EndGlobalSection
EndGlobal
