
Microsoft Visual Studio Solution File, Format Version 12.00
# Visual Studio Version 16
VisualStudioVersion = 16.0.29728.190
MinimumVisualStudioVersion = 10.0.40219.1
Project("{FAE04EC0-301F-11D3-BF4B-00C04F79EFBC}") = "SimpleClassExample", "SimpleClassExample\SimpleClassExample.csproj", "{E54EDEE8-2F4C-4C45-8F13-BD37E582E916}"
EndProject
Project("{FAE04EC0-301F-11D3-BF4B-00C04F79EFBC}") = "EmployeeApp", "EmployeeApp\EmployeeApp.csproj", "{3C4CDB70-FAD9-4DA0-8AE7-214C4A141D41}"
EndProject
Project("{FAE04EC0-301F-11D3-BF4B-00C04F79EFBC}") = "BasicInheritance", "BasicInheritance\BasicInheritance.csproj", "{38AC49C4-1A37-43CA-B45D-7734A6AC8070}"
EndProject
Global
	GlobalSection(SolutionConfigurationPlatforms) = preSolution
		Debug|Any CPU = Debug|Any CPU
		Release|Any CPU = Release|Any CPU
	EndGlobalSection
	GlobalSection(ProjectConfigurationPlatforms) = postSolution
		{E54EDEE8-2F4C-4C45-8F13-BD37E582E916}.Debug|Any CPU.ActiveCfg = Debug|Any CPU
		{E54EDEE8-2F4C-4C45-8F13-BD37E582E916}.Debug|Any CPU.Build.0 = Debug|Any CPU
		{E54EDEE8-2F4C-4C45-8F13-BD37E582E916}.Release|Any CPU.ActiveCfg = Release|Any CPU
		{E54EDEE8-2F4C-4C45-8F13-BD37E582E916}.Release|Any CPU.Build.0 = Release|Any CPU
		{3C4CDB70-FAD9-4DA0-8AE7-214C4A141D41}.Debug|Any CPU.ActiveCfg = Debug|Any CPU
		{3C4CDB70-FAD9-4DA0-8AE7-214C4A141D41}.Debug|Any CPU.Build.0 = Debug|Any CPU
		{3C4CDB70-FAD9-4DA0-8AE7-214C4A141D41}.Release|Any CPU.ActiveCfg = Release|Any CPU
		{3C4CDB70-FAD9-4DA0-8AE7-214C4A141D41}.Release|Any CPU.Build.0 = Release|Any CPU
		{38AC49C4-1A37-43CA-B45D-7734A6AC8070}.Debug|Any CPU.ActiveCfg = Debug|Any CPU
		{38AC49C4-1A37-43CA-B45D-7734A6AC8070}.Debug|Any CPU.Build.0 = Debug|Any CPU
		{38AC49C4-1A37-43CA-B45D-7734A6AC8070}.Release|Any CPU.ActiveCfg = Release|Any CPU
		{38AC49C4-1A37-43CA-B45D-7734A6AC8070}.Release|Any CPU.Build.0 = Release|Any CPU
	EndGlobalSection
	GlobalSection(SolutionProperties) = preSolution
		HideSolutionNode = FALSE
	EndGlobalSection
	GlobalSection(ExtensibilityGlobals) = postSolution
		SolutionGuid = {D75C9EF0-9D39-428A-BD1F-28F4E717CA6D}
	EndGlobalSection
EndGlobal
